
Microsoft Visual Studio Solution File, Format Version 12.00
# Visual Studio Version 17
VisualStudioVersion = 17.3.32922.545
MinimumVisualStudioVersion = 10.0.40219.1
Project("{FAE04EC0-301F-11D3-BF4B-00C04F79EFBC}") = "TryingOutCSharp11", "TryingOutCSharp11\TryingOutCSharp11.csproj", "{4A52147B-7627-4546-9F6D-D27F02DA6499}"
EndProject
Global
	GlobalSection(SolutionConfigurationPlatforms) = preSolution
		Debug|Any CPU = Debug|Any CPU
		Release|Any CPU = Release|Any CPU
	EndGlobalSection
	GlobalSection(ProjectConfigurationPlatforms) = postSolution
		{4A52147B-7627-4546-9F6D-D27F02DA6499}.Debug|Any CPU.ActiveCfg = Debug|Any CPU
		{4A52147B-7627-4546-9F6D-D27F02DA6499}.Debug|Any CPU.Build.0 = Debug|Any CPU
		{4A52147B-7627-4546-9F6D-D27F02DA6499}.Release|Any CPU.ActiveCfg = Release|Any CPU
		{4A52147B-7627-4546-9F6D-D27F02DA6499}.Release|Any CPU.Build.0 = Release|Any CPU
	EndGlobalSection
	GlobalSection(SolutionProperties) = preSolution
		HideSolutionNode = FALSE
	EndGlobalSection
	GlobalSection(ExtensibilityGlobals) = postSolution
		SolutionGuid = {83B9DFD3-1E09-4EE2-A67A-9DFD9BF9E000}
	EndGlobalSection
EndGlobal
